// !$*UTF8*$!
{
	archiveVersion = 1;
	classes = {
	};
	objectVersion = 50;
	objects = {

/* Begin PBXBuildFile section */
		780BD21B22FD520E0073E7AF /* main.cpp in Sources */ = {isa = PBXBuildFile; fileRef = 780BD21A22FD520E0073E7AF /* main.cpp */; };
		783A809B22DEC45000FE2E5D /* main.cpp in Sources */ = {isa = PBXBuildFile; fileRef = 783A809A22DEC45000FE2E5D /* main.cpp */; };
		783A80A622DEE94200FE2E5D /* main.cpp in Sources */ = {isa = PBXBuildFile; fileRef = 783A80A522DEE94200FE2E5D /* main.cpp */; };
		784EB49423053A4B0063EF45 /* main.cpp in Sources */ = {isa = PBXBuildFile; fileRef = 784EB49323053A4B0063EF45 /* main.cpp */; };
		784EB49F23055ABD0063EF45 /* main.cpp in Sources */ = {isa = PBXBuildFile; fileRef = 784EB49E23055ABD0063EF45 /* main.cpp */; };
		785FC38E230FE71500E50DA9 /* main.cpp in Sources */ = {isa = PBXBuildFile; fileRef = 785FC38D230FE71500E50DA9 /* main.cpp */; };
		78C9A68F22E3183C001A6A5B /* main.cpp in Sources */ = {isa = PBXBuildFile; fileRef = 78C9A68E22E3183C001A6A5B /* main.cpp */; };
		FB8D9D362532F42700CE7DAA /* main.cpp in Sources */ = {isa = PBXBuildFile; fileRef = FB8D9D352532F42700CE7DAA /* main.cpp */; };
		FBF07F51232CE37100638C6E /* main.cpp in Sources */ = {isa = PBXBuildFile; fileRef = FBF07F50232CE37100638C6E /* main.cpp */; };
/* End PBXBuildFile section */

/* Begin PBXCopyFilesBuildPhase section */
		780BD21622FD520D0073E7AF /* CopyFiles */ = {
			isa = PBXCopyFilesBuildPhase;
			buildActionMask = 2147483647;
			dstPath = /usr/share/man/man1/;
			dstSubfolderSpec = 0;
			files = (
			);
			runOnlyForDeploymentPostprocessing = 1;
		};
		783A809622DEC45000FE2E5D /* CopyFiles */ = {
			isa = PBXCopyFilesBuildPhase;
			buildActionMask = 2147483647;
			dstPath = /usr/share/man/man1/;
			dstSubfolderSpec = 0;
			files = (
			);
			runOnlyForDeploymentPostprocessing = 1;
		};
		783A80A122DEE94200FE2E5D /* CopyFiles */ = {
			isa = PBXCopyFilesBuildPhase;
			buildActionMask = 2147483647;
			dstPath = /usr/share/man/man1/;
			dstSubfolderSpec = 0;
			files = (
			);
			runOnlyForDeploymentPostprocessing = 1;
		};
		784EB48F23053A4B0063EF45 /* CopyFiles */ = {
			isa = PBXCopyFilesBuildPhase;
			buildActionMask = 2147483647;
			dstPath = /usr/share/man/man1/;
			dstSubfolderSpec = 0;
			files = (
			);
			runOnlyForDeploymentPostprocessing = 1;
		};
		784EB49A23055ABD0063EF45 /* CopyFiles */ = {
			isa = PBXCopyFilesBuildPhase;
			buildActionMask = 2147483647;
			dstPath = /usr/share/man/man1/;
			dstSubfolderSpec = 0;
			files = (
			);
			runOnlyForDeploymentPostprocessing = 1;
		};
		785FC389230FE71500E50DA9 /* CopyFiles */ = {
			isa = PBXCopyFilesBuildPhase;
			buildActionMask = 2147483647;
			dstPath = /usr/share/man/man1/;
			dstSubfolderSpec = 0;
			files = (
			);
			runOnlyForDeploymentPostprocessing = 1;
		};
		78C9A68A22E3183C001A6A5B /* CopyFiles */ = {
			isa = PBXCopyFilesBuildPhase;
			buildActionMask = 2147483647;
			dstPath = /usr/share/man/man1/;
			dstSubfolderSpec = 0;
			files = (
			);
			runOnlyForDeploymentPostprocessing = 1;
		};
		FB8D9D312532F42700CE7DAA /* CopyFiles */ = {
			isa = PBXCopyFilesBuildPhase;
			buildActionMask = 2147483647;
			dstPath = /usr/share/man/man1/;
			dstSubfolderSpec = 0;
			files = (
			);
			runOnlyForDeploymentPostprocessing = 1;
		};
		FBF07F4C232CE37100638C6E /* CopyFiles */ = {
			isa = PBXCopyFilesBuildPhase;
			buildActionMask = 2147483647;
			dstPath = /usr/share/man/man1/;
			dstSubfolderSpec = 0;
			files = (
			);
			runOnlyForDeploymentPostprocessing = 1;
		};
/* End PBXCopyFilesBuildPhase section */

/* Begin PBXFileReference section */
		780BD21822FD520D0073E7AF /* flexibleArrayMember */ = {isa = PBXFileReference; explicitFileType = "compiled.mach-o.executable"; includeInIndex = 0; path = flexibleArrayMember; sourceTree = BUILT_PRODUCTS_DIR; };
		780BD21A22FD520E0073E7AF /* main.cpp */ = {isa = PBXFileReference; lastKnownFileType = sourcecode.cpp.cpp; path = main.cpp; sourceTree = "<group>"; };
		783A809822DEC45000FE2E5D /* decltype */ = {isa = PBXFileReference; explicitFileType = "compiled.mach-o.executable"; includeInIndex = 0; path = decltype; sourceTree = BUILT_PRODUCTS_DIR; };
		783A809A22DEC45000FE2E5D /* main.cpp */ = {isa = PBXFileReference; lastKnownFileType = sourcecode.cpp.cpp; path = main.cpp; sourceTree = "<group>"; };
		783A80A322DEE94200FE2E5D /* lvalue&rvalue */ = {isa = PBXFileReference; explicitFileType = "compiled.mach-o.executable"; includeInIndex = 0; path = "lvalue&rvalue"; sourceTree = BUILT_PRODUCTS_DIR; };
		783A80A522DEE94200FE2E5D /* main.cpp */ = {isa = PBXFileReference; lastKnownFileType = sourcecode.cpp.cpp; path = main.cpp; sourceTree = "<group>"; };
		784EB49123053A4B0063EF45 /* any&variant */ = {isa = PBXFileReference; explicitFileType = "compiled.mach-o.executable"; includeInIndex = 0; path = "any&variant"; sourceTree = BUILT_PRODUCTS_DIR; };
		784EB49323053A4B0063EF45 /* main.cpp */ = {isa = PBXFileReference; lastKnownFileType = sourcecode.cpp.cpp; path = main.cpp; sourceTree = "<group>"; };
		784EB49C23055ABD0063EF45 /* dynamic_cast */ = {isa = PBXFileReference; explicitFileType = "compiled.mach-o.executable"; includeInIndex = 0; path = dynamic_cast; sourceTree = BUILT_PRODUCTS_DIR; };
		784EB49E23055ABD0063EF45 /* main.cpp */ = {isa = PBXFileReference; lastKnownFileType = sourcecode.cpp.cpp; path = main.cpp; sourceTree = "<group>"; };
		785FC38B230FE71500E50DA9 /* offsetof */ = {isa = PBXFileReference; explicitFileType = "compiled.mach-o.executable"; includeInIndex = 0; path = offsetof; sourceTree = BUILT_PRODUCTS_DIR; };
		785FC38D230FE71500E50DA9 /* main.cpp */ = {isa = PBXFileReference; lastKnownFileType = sourcecode.cpp.cpp; path = main.cpp; sourceTree = "<group>"; };
		78C9A68C22E3183C001A6A5B /* std::ref */ = {isa = PBXFileReference; explicitFileType = "compiled.mach-o.executable"; includeInIndex = 0; path = "std::ref"; sourceTree = BUILT_PRODUCTS_DIR; };
		78C9A68E22E3183C001A6A5B /* main.cpp */ = {isa = PBXFileReference; lastKnownFileType = sourcecode.cpp.cpp; path = main.cpp; sourceTree = "<group>"; };
		FB8D9D332532F42700CE7DAA /* struct&class */ = {isa = PBXFileReference; explicitFileType = "compiled.mach-o.executable"; includeInIndex = 0; path = "struct&class"; sourceTree = BUILT_PRODUCTS_DIR; };
		FB8D9D352532F42700CE7DAA /* main.cpp */ = {isa = PBXFileReference; lastKnownFileType = sourcecode.cpp.cpp; path = main.cpp; sourceTree = "<group>"; };
		FBF07F4E232CE37100638C6E /* copy_control */ = {isa = PBXFileReference; explicitFileType = "compiled.mach-o.executable"; includeInIndex = 0; path = copy_control; sourceTree = BUILT_PRODUCTS_DIR; };
		FBF07F50232CE37100638C6E /* main.cpp */ = {isa = PBXFileReference; lastKnownFileType = sourcecode.cpp.cpp; path = main.cpp; sourceTree = "<group>"; };
/* End PBXFileReference section */

/* Begin PBXFrameworksBuildPhase section */
		780BD21522FD520D0073E7AF /* Frameworks */ = {
			isa = PBXFrameworksBuildPhase;
			buildActionMask = 2147483647;
			files = (
			);
			runOnlyForDeploymentPostprocessing = 0;
		};
		783A809522DEC45000FE2E5D /* Frameworks */ = {
			isa = PBXFrameworksBuildPhase;
			buildActionMask = 2147483647;
			files = (
			);
			runOnlyForDeploymentPostprocessing = 0;
		};
		783A80A022DEE94200FE2E5D /* Frameworks */ = {
			isa = PBXFrameworksBuildPhase;
			buildActionMask = 2147483647;
			files = (
			);
			runOnlyForDeploymentPostprocessing = 0;
		};
		784EB48E23053A4B0063EF45 /* Frameworks */ = {
			isa = PBXFrameworksBuildPhase;
			buildActionMask = 2147483647;
			files = (
			);
			runOnlyForDeploymentPostprocessing = 0;
		};
		784EB49923055ABD0063EF45 /* Frameworks */ = {
			isa = PBXFrameworksBuildPhase;
			buildActionMask = 2147483647;
			files = (
			);
			runOnlyForDeploymentPostprocessing = 0;
		};
		785FC388230FE71500E50DA9 /* Frameworks */ = {
			isa = PBXFrameworksBuildPhase;
			buildActionMask = 2147483647;
			files = (
			);
			runOnlyForDeploymentPostprocessing = 0;
		};
		78C9A68922E3183C001A6A5B /* Frameworks */ = {
			isa = PBXFrameworksBuildPhase;
			buildActionMask = 2147483647;
			files = (
			);
			runOnlyForDeploymentPostprocessing = 0;
		};
		FB8D9D302532F42700CE7DAA /* Frameworks */ = {
			isa = PBXFrameworksBuildPhase;
			buildActionMask = 2147483647;
			files = (
			);
			runOnlyForDeploymentPostprocessing = 0;
		};
		FBF07F4B232CE37100638C6E /* Frameworks */ = {
			isa = PBXFrameworksBuildPhase;
			buildActionMask = 2147483647;
			files = (
			);
			runOnlyForDeploymentPostprocessing = 0;
		};
/* End PBXFrameworksBuildPhase section */

/* Begin PBXGroup section */
		780BD21922FD520E0073E7AF /* flexibleArrayMember */ = {
			isa = PBXGroup;
			children = (
				780BD21A22FD520E0073E7AF /* main.cpp */,
			);
			path = flexibleArrayMember;
			sourceTree = "<group>";
		};
		783A808122DEC3F100FE2E5D = {
			isa = PBXGroup;
			children = (
				783A809922DEC45000FE2E5D /* decltype */,
				783A80A422DEE94200FE2E5D /* lvalue&rvalue */,
				78C9A68D22E3183C001A6A5B /* std::ref */,
				780BD21922FD520E0073E7AF /* flexibleArrayMember */,
				784EB49223053A4B0063EF45 /* any&variant */,
				784EB49D23055ABD0063EF45 /* dynamic_cast */,
				785FC38C230FE71500E50DA9 /* offsetof */,
				FBF07F4F232CE37100638C6E /* copy_control */,
				FB8D9D342532F42700CE7DAA /* struct&class */,
				783A808B22DEC3F100FE2E5D /* Products */,
			);
			sourceTree = "<group>";
		};
		783A808B22DEC3F100FE2E5D /* Products */ = {
			isa = PBXGroup;
			children = (
				783A809822DEC45000FE2E5D /* decltype */,
				783A80A322DEE94200FE2E5D /* lvalue&rvalue */,
				78C9A68C22E3183C001A6A5B /* std::ref */,
				780BD21822FD520D0073E7AF /* flexibleArrayMember */,
				784EB49123053A4B0063EF45 /* any&variant */,
				784EB49C23055ABD0063EF45 /* dynamic_cast */,
				785FC38B230FE71500E50DA9 /* offsetof */,
				FBF07F4E232CE37100638C6E /* copy_control */,
				FB8D9D332532F42700CE7DAA /* struct&class */,
			);
			name = Products;
			sourceTree = "<group>";
		};
		783A809922DEC45000FE2E5D /* decltype */ = {
			isa = PBXGroup;
			children = (
				783A809A22DEC45000FE2E5D /* main.cpp */,
			);
			path = decltype;
			sourceTree = "<group>";
		};
		783A80A422DEE94200FE2E5D /* lvalue&rvalue */ = {
			isa = PBXGroup;
			children = (
				783A80A522DEE94200FE2E5D /* main.cpp */,
			);
			path = "lvalue&rvalue";
			sourceTree = "<group>";
		};
		784EB49223053A4B0063EF45 /* any&variant */ = {
			isa = PBXGroup;
			children = (
				784EB49323053A4B0063EF45 /* main.cpp */,
			);
			path = "any&variant";
			sourceTree = "<group>";
		};
		784EB49D23055ABD0063EF45 /* dynamic_cast */ = {
			isa = PBXGroup;
			children = (
				784EB49E23055ABD0063EF45 /* main.cpp */,
			);
			path = dynamic_cast;
			sourceTree = "<group>";
		};
		785FC38C230FE71500E50DA9 /* offsetof */ = {
			isa = PBXGroup;
			children = (
				785FC38D230FE71500E50DA9 /* main.cpp */,
			);
			path = offsetof;
			sourceTree = "<group>";
		};
		78C9A68D22E3183C001A6A5B /* std::ref */ = {
			isa = PBXGroup;
			children = (
				78C9A68E22E3183C001A6A5B /* main.cpp */,
			);
			path = "std::ref";
			sourceTree = "<group>";
		};
		FB8D9D342532F42700CE7DAA /* struct&class */ = {
			isa = PBXGroup;
			children = (
				FB8D9D352532F42700CE7DAA /* main.cpp */,
			);
			path = "struct&class";
			sourceTree = "<group>";
		};
		FBF07F4F232CE37100638C6E /* copy_control */ = {
			isa = PBXGroup;
			children = (
				FBF07F50232CE37100638C6E /* main.cpp */,
			);
			path = copy_control;
			sourceTree = "<group>";
		};
/* End PBXGroup section */

/* Begin PBXNativeTarget section */
		780BD21722FD520D0073E7AF /* flexibleArrayMember */ = {
			isa = PBXNativeTarget;
			buildConfigurationList = 780BD21E22FD520E0073E7AF /* Build configuration list for PBXNativeTarget "flexibleArrayMember" */;
			buildPhases = (
				780BD21422FD520D0073E7AF /* Sources */,
				780BD21522FD520D0073E7AF /* Frameworks */,
				780BD21622FD520D0073E7AF /* CopyFiles */,
			);
			buildRules = (
			);
			dependencies = (
			);
			name = flexibleArrayMember;
			productName = flexibleArrayMember;
			productReference = 780BD21822FD520D0073E7AF /* flexibleArrayMember */;
			productType = "com.apple.product-type.tool";
		};
		783A809722DEC45000FE2E5D /* decltype */ = {
			isa = PBXNativeTarget;
			buildConfigurationList = 783A809C22DEC45000FE2E5D /* Build configuration list for PBXNativeTarget "decltype" */;
			buildPhases = (
				783A809422DEC45000FE2E5D /* Sources */,
				783A809522DEC45000FE2E5D /* Frameworks */,
				783A809622DEC45000FE2E5D /* CopyFiles */,
			);
			buildRules = (
			);
			dependencies = (
			);
			name = decltype;
			productName = decltype;
			productReference = 783A809822DEC45000FE2E5D /* decltype */;
			productType = "com.apple.product-type.tool";
		};
		783A80A222DEE94200FE2E5D /* lvalue&rvalue */ = {
			isa = PBXNativeTarget;
			buildConfigurationList = 783A80A922DEE94200FE2E5D /* Build configuration list for PBXNativeTarget "lvalue&rvalue" */;
			buildPhases = (
				783A809F22DEE94200FE2E5D /* Sources */,
				783A80A022DEE94200FE2E5D /* Frameworks */,
				783A80A122DEE94200FE2E5D /* CopyFiles */,
			);
			buildRules = (
			);
			dependencies = (
			);
			name = "lvalue&rvalue";
			productName = "lvalue&rvalue";
			productReference = 783A80A322DEE94200FE2E5D /* lvalue&rvalue */;
			productType = "com.apple.product-type.tool";
		};
		784EB49023053A4B0063EF45 /* any&variant */ = {
			isa = PBXNativeTarget;
			buildConfigurationList = 784EB49723053A4B0063EF45 /* Build configuration list for PBXNativeTarget "any&variant" */;
			buildPhases = (
				784EB48D23053A4B0063EF45 /* Sources */,
				784EB48E23053A4B0063EF45 /* Frameworks */,
				784EB48F23053A4B0063EF45 /* CopyFiles */,
			);
			buildRules = (
			);
			dependencies = (
			);
			name = "any&variant";
			productName = "any&variant";
			productReference = 784EB49123053A4B0063EF45 /* any&variant */;
			productType = "com.apple.product-type.tool";
		};
		784EB49B23055ABD0063EF45 /* dynamic_cast */ = {
			isa = PBXNativeTarget;
			buildConfigurationList = 784EB4A023055ABD0063EF45 /* Build configuration list for PBXNativeTarget "dynamic_cast" */;
			buildPhases = (
				784EB49823055ABD0063EF45 /* Sources */,
				784EB49923055ABD0063EF45 /* Frameworks */,
				784EB49A23055ABD0063EF45 /* CopyFiles */,
			);
			buildRules = (
			);
			dependencies = (
			);
			name = dynamic_cast;
			productName = dynamic_cast;
			productReference = 784EB49C23055ABD0063EF45 /* dynamic_cast */;
			productType = "com.apple.product-type.tool";
		};
		785FC38A230FE71500E50DA9 /* offsetof */ = {
			isa = PBXNativeTarget;
			buildConfigurationList = 785FC391230FE71500E50DA9 /* Build configuration list for PBXNativeTarget "offsetof" */;
			buildPhases = (
				785FC387230FE71500E50DA9 /* Sources */,
				785FC388230FE71500E50DA9 /* Frameworks */,
				785FC389230FE71500E50DA9 /* CopyFiles */,
			);
			buildRules = (
			);
			dependencies = (
			);
			name = offsetof;
			productName = offsetof;
			productReference = 785FC38B230FE71500E50DA9 /* offsetof */;
			productType = "com.apple.product-type.tool";
		};
		78C9A68B22E3183C001A6A5B /* std::ref */ = {
			isa = PBXNativeTarget;
			buildConfigurationList = 78C9A69222E3183C001A6A5B /* Build configuration list for PBXNativeTarget "std::ref" */;
			buildPhases = (
				78C9A68822E3183C001A6A5B /* Sources */,
				78C9A68922E3183C001A6A5B /* Frameworks */,
				78C9A68A22E3183C001A6A5B /* CopyFiles */,
			);
			buildRules = (
			);
			dependencies = (
			);
			name = "std::ref";
			productName = "std::ref";
			productReference = 78C9A68C22E3183C001A6A5B /* std::ref */;
			productType = "com.apple.product-type.tool";
		};
		FB8D9D322532F42700CE7DAA /* struct&class */ = {
			isa = PBXNativeTarget;
			buildConfigurationList = FB8D9D392532F42700CE7DAA /* Build configuration list for PBXNativeTarget "struct&class" */;
			buildPhases = (
				FB8D9D2F2532F42700CE7DAA /* Sources */,
				FB8D9D302532F42700CE7DAA /* Frameworks */,
				FB8D9D312532F42700CE7DAA /* CopyFiles */,
			);
			buildRules = (
			);
			dependencies = (
			);
			name = "struct&class";
			productName = "struct&class";
			productReference = FB8D9D332532F42700CE7DAA /* struct&class */;
			productType = "com.apple.product-type.tool";
		};
		FBF07F4D232CE37100638C6E /* copy_control */ = {
			isa = PBXNativeTarget;
			buildConfigurationList = FBF07F54232CE37100638C6E /* Build configuration list for PBXNativeTarget "copy_control" */;
			buildPhases = (
				FBF07F4A232CE37100638C6E /* Sources */,
				FBF07F4B232CE37100638C6E /* Frameworks */,
				FBF07F4C232CE37100638C6E /* CopyFiles */,
			);
			buildRules = (
			);
			dependencies = (
			);
			name = copy_control;
			productName = copy_control;
			productReference = FBF07F4E232CE37100638C6E /* copy_control */;
			productType = "com.apple.product-type.tool";
		};
/* End PBXNativeTarget section */

/* Begin PBXProject section */
		783A808222DEC3F100FE2E5D /* Project object */ = {
			isa = PBXProject;
			attributes = {
				LastUpgradeCheck = 1100;
				ORGANIZATIONNAME = longjianjiang;
				TargetAttributes = {
					780BD21722FD520D0073E7AF = {
						CreatedOnToolsVersion = 11.0;
					};
					783A809722DEC45000FE2E5D = {
						CreatedOnToolsVersion = 11.0;
					};
					783A80A222DEE94200FE2E5D = {
						CreatedOnToolsVersion = 11.0;
					};
					784EB49023053A4B0063EF45 = {
						CreatedOnToolsVersion = 11.0;
					};
					784EB49B23055ABD0063EF45 = {
						CreatedOnToolsVersion = 11.0;
					};
					785FC38A230FE71500E50DA9 = {
						CreatedOnToolsVersion = 11.0;
					};
					78C9A68B22E3183C001A6A5B = {
						CreatedOnToolsVersion = 11.0;
					};
					FB8D9D322532F42700CE7DAA = {
						CreatedOnToolsVersion = 10.3;
					};
					FBF07F4D232CE37100638C6E = {
						CreatedOnToolsVersion = 10.0;
					};
				};
			};
			buildConfigurationList = 783A808522DEC3F100FE2E5D /* Build configuration list for PBXProject "CppPlayground" */;
			compatibilityVersion = "Xcode 9.3";
			developmentRegion = en;
			hasScannedForEncodings = 0;
			knownRegions = (
				en,
				Base,
			);
			mainGroup = 783A808122DEC3F100FE2E5D;
			productRefGroup = 783A808B22DEC3F100FE2E5D /* Products */;
			projectDirPath = "";
			projectRoot = "";
			targets = (
				783A809722DEC45000FE2E5D /* decltype */,
				783A80A222DEE94200FE2E5D /* lvalue&rvalue */,
				78C9A68B22E3183C001A6A5B /* std::ref */,
				780BD21722FD520D0073E7AF /* flexibleArrayMember */,
				784EB49023053A4B0063EF45 /* any&variant */,
				784EB49B23055ABD0063EF45 /* dynamic_cast */,
				785FC38A230FE71500E50DA9 /* offsetof */,
				FBF07F4D232CE37100638C6E /* copy_control */,
				FB8D9D322532F42700CE7DAA /* struct&class */,
			);
		};
/* End PBXProject section */

/* Begin PBXSourcesBuildPhase section */
		780BD21422FD520D0073E7AF /* Sources */ = {
			isa = PBXSourcesBuildPhase;
			buildActionMask = 2147483647;
			files = (
				780BD21B22FD520E0073E7AF /* main.cpp in Sources */,
			);
			runOnlyForDeploymentPostprocessing = 0;
		};
		783A809422DEC45000FE2E5D /* Sources */ = {
			isa = PBXSourcesBuildPhase;
			buildActionMask = 2147483647;
			files = (
				783A809B22DEC45000FE2E5D /* main.cpp in Sources */,
			);
			runOnlyForDeploymentPostprocessing = 0;
		};
		783A809F22DEE94200FE2E5D /* Sources */ = {
			isa = PBXSourcesBuildPhase;
			buildActionMask = 2147483647;
			files = (
				783A80A622DEE94200FE2E5D /* main.cpp in Sources */,
			);
			runOnlyForDeploymentPostprocessing = 0;
		};
		784EB48D23053A4B0063EF45 /* Sources */ = {
			isa = PBXSourcesBuildPhase;
			buildActionMask = 2147483647;
			files = (
				784EB49423053A4B0063EF45 /* main.cpp in Sources */,
			);
			runOnlyForDeploymentPostprocessing = 0;
		};
		784EB49823055ABD0063EF45 /* Sources */ = {
			isa = PBXSourcesBuildPhase;
			buildActionMask = 2147483647;
			files = (
				784EB49F23055ABD0063EF45 /* main.cpp in Sources */,
			);
			runOnlyForDeploymentPostprocessing = 0;
		};
		785FC387230FE71500E50DA9 /* Sources */ = {
			isa = PBXSourcesBuildPhase;
			buildActionMask = 2147483647;
			files = (
				785FC38E230FE71500E50DA9 /* main.cpp in Sources */,
			);
			runOnlyForDeploymentPostprocessing = 0;
		};
		78C9A68822E3183C001A6A5B /* Sources */ = {
			isa = PBXSourcesBuildPhase;
			buildActionMask = 2147483647;
			files = (
				78C9A68F22E3183C001A6A5B /* main.cpp in Sources */,
			);
			runOnlyForDeploymentPostprocessing = 0;
		};
		FB8D9D2F2532F42700CE7DAA /* Sources */ = {
			isa = PBXSourcesBuildPhase;
			buildActionMask = 2147483647;
			files = (
				FB8D9D362532F42700CE7DAA /* main.cpp in Sources */,
			);
			runOnlyForDeploymentPostprocessing = 0;
		};
		FBF07F4A232CE37100638C6E /* Sources */ = {
			isa = PBXSourcesBuildPhase;
			buildActionMask = 2147483647;
			files = (
				FBF07F51232CE37100638C6E /* main.cpp in Sources */,
			);
			runOnlyForDeploymentPostprocessing = 0;
		};
/* End PBXSourcesBuildPhase section */

/* Begin XCBuildConfiguration section */
		780BD21C22FD520E0073E7AF /* Debug */ = {
			isa = XCBuildConfiguration;
			buildSettings = {
				CODE_SIGN_STYLE = Automatic;
				PRODUCT_NAME = "$(TARGET_NAME)";
			};
			name = Debug;
		};
		780BD21D22FD520E0073E7AF /* Release */ = {
			isa = XCBuildConfiguration;
			buildSettings = {
				CODE_SIGN_STYLE = Automatic;
				PRODUCT_NAME = "$(TARGET_NAME)";
			};
			name = Release;
		};
		783A808F22DEC3F100FE2E5D /* Debug */ = {
			isa = XCBuildConfiguration;
			buildSettings = {
				ALWAYS_SEARCH_USER_PATHS = NO;
				CLANG_ANALYZER_NONNULL = YES;
				CLANG_ANALYZER_NUMBER_OBJECT_CONVERSION = YES_AGGRESSIVE;
				CLANG_CXX_LANGUAGE_STANDARD = "gnu++14";
				CLANG_CXX_LIBRARY = "libc++";
				CLANG_ENABLE_MODULES = YES;
				CLANG_ENABLE_OBJC_ARC = YES;
				CLANG_ENABLE_OBJC_WEAK = YES;
				CLANG_WARN_BLOCK_CAPTURE_AUTORELEASING = YES;
				CLANG_WARN_BOOL_CONVERSION = YES;
				CLANG_WARN_COMMA = YES;
				CLANG_WARN_CONSTANT_CONVERSION = YES;
				CLANG_WARN_DEPRECATED_OBJC_IMPLEMENTATIONS = YES;
				CLANG_WARN_DIRECT_OBJC_ISA_USAGE = YES_ERROR;
				CLANG_WARN_DOCUMENTATION_COMMENTS = YES;
				CLANG_WARN_EMPTY_BODY = YES;
				CLANG_WARN_ENUM_CONVERSION = YES;
				CLANG_WARN_INFINITE_RECURSION = YES;
				CLANG_WARN_INT_CONVERSION = YES;
				CLANG_WARN_NON_LITERAL_NULL_CONVERSION = YES;
				CLANG_WARN_OBJC_IMPLICIT_RETAIN_SELF = YES;
				CLANG_WARN_OBJC_LITERAL_CONVERSION = YES;
				CLANG_WARN_OBJC_ROOT_CLASS = YES_ERROR;
				CLANG_WARN_RANGE_LOOP_ANALYSIS = YES;
				CLANG_WARN_STRICT_PROTOTYPES = YES;
				CLANG_WARN_SUSPICIOUS_MOVE = YES;
				CLANG_WARN_UNGUARDED_AVAILABILITY = YES_AGGRESSIVE;
				CLANG_WARN_UNREACHABLE_CODE = YES;
				CLANG_WARN__DUPLICATE_METHOD_MATCH = YES;
				COPY_PHASE_STRIP = NO;
				DEBUG_INFORMATION_FORMAT = dwarf;
				ENABLE_STRICT_OBJC_MSGSEND = YES;
				ENABLE_TESTABILITY = YES;
				GCC_C_LANGUAGE_STANDARD = gnu11;
				GCC_DYNAMIC_NO_PIC = NO;
				GCC_NO_COMMON_BLOCKS = YES;
				GCC_OPTIMIZATION_LEVEL = 0;
				GCC_PREPROCESSOR_DEFINITIONS = (
					"DEBUG=1",
					"$(inherited)",
				);
				GCC_WARN_64_TO_32_BIT_CONVERSION = YES;
				GCC_WARN_ABOUT_RETURN_TYPE = YES_ERROR;
				GCC_WARN_UNDECLARED_SELECTOR = YES;
				GCC_WARN_UNINITIALIZED_AUTOS = YES_AGGRESSIVE;
				GCC_WARN_UNUSED_FUNCTION = YES;
				GCC_WARN_UNUSED_VARIABLE = YES;
				MACOSX_DEPLOYMENT_TARGET = 10.14;
				MTL_ENABLE_DEBUG_INFO = INCLUDE_SOURCE;
				MTL_FAST_MATH = YES;
				ONLY_ACTIVE_ARCH = YES;
				SDKROOT = macosx;
			};
			name = Debug;
		};
		783A809022DEC3F100FE2E5D /* Release */ = {
			isa = XCBuildConfiguration;
			buildSettings = {
				ALWAYS_SEARCH_USER_PATHS = NO;
				CLANG_ANALYZER_NONNULL = YES;
				CLANG_ANALYZER_NUMBER_OBJECT_CONVERSION = YES_AGGRESSIVE;
				CLANG_CXX_LANGUAGE_STANDARD = "gnu++14";
				CLANG_CXX_LIBRARY = "libc++";
				CLANG_ENABLE_MODULES = YES;
				CLANG_ENABLE_OBJC_ARC = YES;
				CLANG_ENABLE_OBJC_WEAK = YES;
				CLANG_WARN_BLOCK_CAPTURE_AUTORELEASING = YES;
				CLANG_WARN_BOOL_CONVERSION = YES;
				CLANG_WARN_COMMA = YES;
				CLANG_WARN_CONSTANT_CONVERSION = YES;
				CLANG_WARN_DEPRECATED_OBJC_IMPLEMENTATIONS = YES;
				CLANG_WARN_DIRECT_OBJC_ISA_USAGE = YES_ERROR;
				CLANG_WARN_DOCUMENTATION_COMMENTS = YES;
				CLANG_WARN_EMPTY_BODY = YES;
				CLANG_WARN_ENUM_CONVERSION = YES;
				CLANG_WARN_INFINITE_RECURSION = YES;
				CLANG_WARN_INT_CONVERSION = YES;
				CLANG_WARN_NON_LITERAL_NULL_CONVERSION = YES;
				CLANG_WARN_OBJC_IMPLICIT_RETAIN_SELF = YES;
				CLANG_WARN_OBJC_LITERAL_CONVERSION = YES;
				CLANG_WARN_OBJC_ROOT_CLASS = YES_ERROR;
				CLANG_WARN_RANGE_LOOP_ANALYSIS = YES;
				CLANG_WARN_STRICT_PROTOTYPES = YES;
				CLANG_WARN_SUSPICIOUS_MOVE = YES;
				CLANG_WARN_UNGUARDED_AVAILABILITY = YES_AGGRESSIVE;
				CLANG_WARN_UNREACHABLE_CODE = YES;
				CLANG_WARN__DUPLICATE_METHOD_MATCH = YES;
				COPY_PHASE_STRIP = NO;
				DEBUG_INFORMATION_FORMAT = "dwarf-with-dsym";
				ENABLE_NS_ASSERTIONS = NO;
				ENABLE_STRICT_OBJC_MSGSEND = YES;
				GCC_C_LANGUAGE_STANDARD = gnu11;
				GCC_NO_COMMON_BLOCKS = YES;
				GCC_WARN_64_TO_32_BIT_CONVERSION = YES;
				GCC_WARN_ABOUT_RETURN_TYPE = YES_ERROR;
				GCC_WARN_UNDECLARED_SELECTOR = YES;
				GCC_WARN_UNINITIALIZED_AUTOS = YES_AGGRESSIVE;
				GCC_WARN_UNUSED_FUNCTION = YES;
				GCC_WARN_UNUSED_VARIABLE = YES;
				MACOSX_DEPLOYMENT_TARGET = 10.14;
				MTL_ENABLE_DEBUG_INFO = NO;
				MTL_FAST_MATH = YES;
				SDKROOT = macosx;
			};
			name = Release;
		};
		783A809D22DEC45000FE2E5D /* Debug */ = {
			isa = XCBuildConfiguration;
			buildSettings = {
				CODE_SIGN_STYLE = Automatic;
				PRODUCT_NAME = "$(TARGET_NAME)";
			};
			name = Debug;
		};
		783A809E22DEC45000FE2E5D /* Release */ = {
			isa = XCBuildConfiguration;
			buildSettings = {
				CODE_SIGN_STYLE = Automatic;
				PRODUCT_NAME = "$(TARGET_NAME)";
			};
			name = Release;
		};
		783A80A722DEE94200FE2E5D /* Debug */ = {
			isa = XCBuildConfiguration;
			buildSettings = {
				CODE_SIGN_STYLE = Automatic;
				PRODUCT_NAME = "$(TARGET_NAME)";
			};
			name = Debug;
		};
		783A80A822DEE94200FE2E5D /* Release */ = {
			isa = XCBuildConfiguration;
			buildSettings = {
				CODE_SIGN_STYLE = Automatic;
				PRODUCT_NAME = "$(TARGET_NAME)";
			};
			name = Release;
		};
		784EB49523053A4B0063EF45 /* Debug */ = {
			isa = XCBuildConfiguration;
			buildSettings = {
				CLANG_CXX_LANGUAGE_STANDARD = "gnu++17";
				CODE_SIGN_STYLE = Automatic;
				PRODUCT_NAME = "$(TARGET_NAME)";
			};
			name = Debug;
		};
		784EB49623053A4B0063EF45 /* Release */ = {
			isa = XCBuildConfiguration;
			buildSettings = {
				CLANG_CXX_LANGUAGE_STANDARD = "gnu++17";
				CODE_SIGN_STYLE = Automatic;
				PRODUCT_NAME = "$(TARGET_NAME)";
			};
			name = Release;
		};
		784EB4A123055ABD0063EF45 /* Debug */ = {
			isa = XCBuildConfiguration;
			buildSettings = {
				CODE_SIGN_STYLE = Automatic;
				PRODUCT_NAME = "$(TARGET_NAME)";
			};
			name = Debug;
		};
		784EB4A223055ABD0063EF45 /* Release */ = {
			isa = XCBuildConfiguration;
			buildSettings = {
				CODE_SIGN_STYLE = Automatic;
				PRODUCT_NAME = "$(TARGET_NAME)";
			};
			name = Release;
		};
		785FC38F230FE71500E50DA9 /* Debug */ = {
			isa = XCBuildConfiguration;
			buildSettings = {
				CODE_SIGN_STYLE = Automatic;
				PRODUCT_NAME = "$(TARGET_NAME)";
			};
			name = Debug;
		};
		785FC390230FE71500E50DA9 /* Release */ = {
			isa = XCBuildConfiguration;
			buildSettings = {
				CODE_SIGN_STYLE = Automatic;
				PRODUCT_NAME = "$(TARGET_NAME)";
			};
			name = Release;
		};
		78C9A69022E3183C001A6A5B /* Debug */ = {
			isa = XCBuildConfiguration;
			buildSettings = {
				CODE_SIGN_STYLE = Automatic;
				PRODUCT_NAME = "$(TARGET_NAME)";
			};
			name = Debug;
		};
		78C9A69122E3183C001A6A5B /* Release */ = {
			isa = XCBuildConfiguration;
			buildSettings = {
				CODE_SIGN_STYLE = Automatic;
				PRODUCT_NAME = "$(TARGET_NAME)";
			};
			name = Release;
		};
		FB8D9D372532F42700CE7DAA /* Debug */ = {
			isa = XCBuildConfiguration;
			buildSettings = {
				CODE_SIGN_IDENTITY = "-";
				CODE_SIGN_STYLE = Automatic;
				PRODUCT_NAME = "$(TARGET_NAME)";
			};
			name = Debug;
		};
		FB8D9D382532F42700CE7DAA /* Release */ = {
			isa = XCBuildConfiguration;
			buildSettings = {
				CODE_SIGN_IDENTITY = "-";
				CODE_SIGN_STYLE = Automatic;
				PRODUCT_NAME = "$(TARGET_NAME)";
			};
			name = Release;
		};
		FBF07F52232CE37100638C6E /* Debug */ = {
			isa = XCBuildConfiguration;
			buildSettings = {
				CODE_SIGN_IDENTITY = "-";
				CODE_SIGN_STYLE = Automatic;
				PRODUCT_NAME = "$(TARGET_NAME)";
			};
			name = Debug;
		};
		FBF07F53232CE37100638C6E /* Release */ = {
			isa = XCBuildConfiguration;
			buildSettings = {
				CODE_SIGN_IDENTITY = "-";
				CODE_SIGN_STYLE = Automatic;
				PRODUCT_NAME = "$(TARGET_NAME)";
			};
			name = Release;
		};
/* End XCBuildConfiguration section */

/* Begin XCConfigurationList section */
		780BD21E22FD520E0073E7AF /* Build configuration list for PBXNativeTarget "flexibleArrayMember" */ = {
			isa = XCConfigurationList;
			buildConfigurations = (
				780BD21C22FD520E0073E7AF /* Debug */,
				780BD21D22FD520E0073E7AF /* Release */,
			);
			defaultConfigurationIsVisible = 0;
			defaultConfigurationName = Release;
		};
		783A808522DEC3F100FE2E5D /* Build configuration list for PBXProject "CppPlayground" */ = {
			isa = XCConfigurationList;
			buildConfigurations = (
				783A808F22DEC3F100FE2E5D /* Debug */,
				783A809022DEC3F100FE2E5D /* Release */,
			);
			defaultConfigurationIsVisible = 0;
			defaultConfigurationName = Release;
		};
		783A809C22DEC45000FE2E5D /* Build configuration list for PBXNativeTarget "decltype" */ = {
			isa = XCConfigurationList;
			buildConfigurations = (
				783A809D22DEC45000FE2E5D /* Debug */,
				783A809E22DEC45000FE2E5D /* Release */,
			);
			defaultConfigurationIsVisible = 0;
			defaultConfigurationName = Release;
		};
		783A80A922DEE94200FE2E5D /* Build configuration list for PBXNativeTarget "lvalue&rvalue" */ = {
			isa = XCConfigurationList;
			buildConfigurations = (
				783A80A722DEE94200FE2E5D /* Debug */,
				783A80A822DEE94200FE2E5D /* Release */,
			);
			defaultConfigurationIsVisible = 0;
			defaultConfigurationName = Release;
		};
		784EB49723053A4B0063EF45 /* Build configuration list for PBXNativeTarget "any&variant" */ = {
			isa = XCConfigurationList;
			buildConfigurations = (
				784EB49523053A4B0063EF45 /* Debug */,
				784EB49623053A4B0063EF45 /* Release */,
			);
			defaultConfigurationIsVisible = 0;
			defaultConfigurationName = Release;
		};
		784EB4A023055ABD0063EF45 /* Build configuration list for PBXNativeTarget "dynamic_cast" */ = {
			isa = XCConfigurationList;
			buildConfigurations = (
				784EB4A123055ABD0063EF45 /* Debug */,
				784EB4A223055ABD0063EF45 /* Release */,
			);
			defaultConfigurationIsVisible = 0;
			defaultConfigurationName = Release;
		};
		785FC391230FE71500E50DA9 /* Build configuration list for PBXNativeTarget "offsetof" */ = {
			isa = XCConfigurationList;
			buildConfigurations = (
				785FC38F230FE71500E50DA9 /* Debug */,
				785FC390230FE71500E50DA9 /* Release */,
			);
			defaultConfigurationIsVisible = 0;
			defaultConfigurationName = Release;
		};
		78C9A69222E3183C001A6A5B /* Build configuration list for PBXNativeTarget "std::ref" */ = {
			isa = XCConfigurationList;
			buildConfigurations = (
				78C9A69022E3183C001A6A5B /* Debug */,
				78C9A69122E3183C001A6A5B /* Release */,
			);
			defaultConfigurationIsVisible = 0;
			defaultConfigurationName = Release;
		};
		FB8D9D392532F42700CE7DAA /* Build configuration list for PBXNativeTarget "struct&class" */ = {
			isa = XCConfigurationList;
			buildConfigurations = (
				FB8D9D372532F42700CE7DAA /* Debug */,
				FB8D9D382532F42700CE7DAA /* Release */,
			);
			defaultConfigurationIsVisible = 0;
			defaultConfigurationName = Release;
		};
		FBF07F54232CE37100638C6E /* Build configuration list for PBXNativeTarget "copy_control" */ = {
			isa = XCConfigurationList;
			buildConfigurations = (
				FBF07F52232CE37100638C6E /* Debug */,
				FBF07F53232CE37100638C6E /* Release */,
			);
			defaultConfigurationIsVisible = 0;
			defaultConfigurationName = Release;
		};
/* End XCConfigurationList section */
	};
	rootObject = 783A808222DEC3F100FE2E5D /* Project object */;
}
